{
  "name": "stockersa",
  "version": "1.0.0",
  "lockfileVersion": 1,
  "requires": true,
  "dependencies": {
    "@types/classnames": {
      "version": "2.3.1",
      "resolved": "https://registry.npmjs.org/@types/classnames/-/classnames-2.3.1.tgz",
      "integrity": "sha512-zeOWb0JGBoVmlQoznvqXbE0tEC/HONsnoUNH19Hc96NFsTAwTXbTqb8FMYkru1F/iqp7a18Ws3nWJvtA1sHD1A==",
      "requires": {
        "classnames": "*"
      }
    },
    "@types/d3-color": {
      "version": "1.4.1",
      "resolved": "https://registry.npmjs.org/@types/d3-color/-/d3-color-1.4.1.tgz",
      "integrity": "sha512-xkPLi+gbgUU9ED6QX4g6jqYL2KCB0/3AlM+ncMGqn49OgH0gFMY/ITGqPF8HwEiLzJaC+2L0I+gNwBgABv1Pvg=="
    },
    "@types/d3-geo": {
      "version": "1.12.1",
      "resolved": "https://registry.npmjs.org/@types/d3-geo/-/d3-geo-1.12.1.tgz",
      "integrity": "sha512-8+gyGFyMCXIHtnMNKQDT++tZ4XYFXgiP5NK7mcv34aYXA16GQFiBBITjKzxghpO8QNVceOd9rUn1JY92WLNGQw==",
      "requires": {
        "@types/geojson": "*"
      }
    },
    "@types/d3-hierarchy": {
      "version": "1.1.7",
      "resolved": "https://registry.npmjs.org/@types/d3-hierarchy/-/d3-hierarchy-1.1.7.tgz",
      "integrity": "sha512-fvht6DOYKzqmXjMb/+xfgkmrWM4SD7rMA/ZbM+gGwr9ZTuIDfky95J8CARtaJo/ExeWyS0xGVdL2gqno2zrQ0Q=="
    },
    "@types/d3-interpolate": {
      "version": "1.4.2",
      "resolved": "https://registry.npmjs.org/@types/d3-interpolate/-/d3-interpolate-1.4.2.tgz",
      "integrity": "sha512-ylycts6llFf8yAEs1tXzx2loxxzDZHseuhPokrqKprTQSTcD3JbJI1omZP1rphsELZO3Q+of3ff0ZS7+O6yVzg==",
      "requires": {
        "@types/d3-color": "^1"
      }
    },
    "@types/d3-path": {
      "version": "1.0.9",
      "resolved": "https://registry.npmjs.org/@types/d3-path/-/d3-path-1.0.9.tgz",
      "integrity": "sha512-NaIeSIBiFgSC6IGUBjZWcscUJEq7vpVu7KthHN8eieTV9d9MqkSOZLH4chq1PmcKy06PNe3axLeKmRIyxJ+PZQ=="
    },
    "@types/d3-random": {
      "version": "2.2.0",
      "resolved": "https://registry.npmjs.org/@types/d3-random/-/d3-random-2.2.0.tgz",
      "integrity": "sha512-Hjfj9m68NmYZzushzEG7etPvKH/nj9b9s9+qtkNG3/dbRBjQZQg1XS6nRuHJcCASTjxXlyXZnKu2gDxyQIIu9A=="
    },
    "@types/d3-scale": {
      "version": "3.3.0",
      "resolved": "https://registry.npmjs.org/@types/d3-scale/-/d3-scale-3.3.0.tgz",
      "integrity": "sha512-rJj4nh/71Rw5bZgTF5cA5rW60WT3x8RbivEsScgQ66sqFnYZRmuyKSayyo7JiP+c9KJJiQhY9JXBmY16FZa3+g==",
      "requires": {
        "@types/d3-time": "*"
      }
    },
    "@types/d3-shape": {
      "version": "1.3.5",
      "resolved": "https://registry.npmjs.org/@types/d3-shape/-/d3-shape-1.3.5.tgz",
      "integrity": "sha512-aPEax03owTAKynoK8ZkmkZEDZvvT4Y5pWgii4Jp4oQt0gH45j6siDl9gNDVC5kl64XHN2goN9jbYoHK88tFAcA==",
      "requires": {
        "@types/d3-path": "^1"
      }
    },
    "@types/d3-time": {
      "version": "2.1.0",
      "resolved": "https://registry.npmjs.org/@types/d3-time/-/d3-time-2.1.0.tgz",
      "integrity": "sha512-qVCiT93utxN0cawScyQuNx8H82vBvZXSClZfgOu3l3dRRlRO6FjKEZlaPgXG9XUFjIAOsA4kAJY101vobHeJLQ=="
    },
    "@types/d3-voronoi": {
      "version": "1.1.9",
      "resolved": "https://registry.npmjs.org/@types/d3-voronoi/-/d3-voronoi-1.1.9.tgz",
      "integrity": "sha512-DExNQkaHd1F3dFPvGA/Aw2NGyjMln6E9QzsiqOcBgnE+VInYnFBHBBySbZQts6z6xD+5jTfKCP7M4OqMyVjdwQ=="
    },
    "@types/geojson": {
      "version": "7946.0.7",
      "resolved": "https://registry.npmjs.org/@types/geojson/-/geojson-7946.0.7.tgz",
      "integrity": "sha512-wE2v81i4C4Ol09RtsWFAqg3BUitWbHSpSlIo+bNdsCJijO9sjme+zm+73ZMCa/qMC8UEERxzGbvmr1cffo2SiQ=="
    },
    "@types/lodash": {
      "version": "4.14.170",
      "resolved": "https://registry.npmjs.org/@types/lodash/-/lodash-4.14.170.tgz",
      "integrity": "sha512-bpcvu/MKHHeYX+qeEN8GE7DIravODWdACVA1ctevD8CN24RhPZIKMn9ntfAsrvLfSX3cR5RrBKAbYm9bGs0A+Q=="
    },
    "@types/prop-types": {
      "version": "15.7.3",
      "resolved": "https://registry.npmjs.org/@types/prop-types/-/prop-types-15.7.3.tgz",
      "integrity": "sha512-KfRL3PuHmqQLOG+2tGpRO26Ctg+Cq1E01D2DMriKEATHgWLfeNDmq9e29Q9WIky0dQ3NPkd1mzYH8Lm936Z9qw=="
    },
    "@types/react": {
      "version": "17.0.11",
      "resolved": "https://registry.npmjs.org/@types/react/-/react-17.0.11.tgz",
      "integrity": "sha512-yFRQbD+whVonItSk7ZzP/L+gPTJVBkL/7shLEF+i9GC/1cV3JmUxEQz6+9ylhUpWSDuqo1N9qEvqS6vTj4USUA==",
      "requires": {
        "@types/prop-types": "*",
        "@types/scheduler": "*",
        "csstype": "^3.0.2"
      }
    },
    "@types/react-dom": {
      "version": "17.0.7",
      "resolved": "https://registry.npmjs.org/@types/react-dom/-/react-dom-17.0.7.tgz",
      "integrity": "sha512-Wd5xvZRlccOrCTej8jZkoFZuZRKHzanDDv1xglI33oBNFMWrqOSzrvWFw7ngSiZjrpJAzPKFtX7JvuXpkNmQHA==",
      "requires": {
        "@types/react": "*"
      }
    },
    "@types/scheduler": {
      "version": "0.16.1",
      "resolved": "https://registry.npmjs.org/@types/scheduler/-/scheduler-0.16.1.tgz",
      "integrity": "sha512-EaCxbanVeyxDRTQBkdLb3Bvl/HK7PBK6UJjsSixB0iHKoWxE5uu2Q/DgtpOhPIojN0Zl1whvOd7PoHs2P0s5eA=="
    },
    "@visx/annotation": {
      "version": "1.12.0",
      "resolved": "https://registry.npmjs.org/@visx/annotation/-/annotation-1.12.0.tgz",
      "integrity": "sha512-J/4eGawPosbZd/GzDnLDtOfxLrNWjob2g2YEUZFZQxAoQ29ydQU1KHhnhYF97Ckre0fdRpHOQpftE9CSftVQhw==",
      "requires": {
        "@types/classnames": "^2.2.9",
        "@types/react": "*",
        "@visx/drag": "1.7.4",
        "@visx/group": "1.7.0",
        "@visx/point": "1.7.0",
        "@visx/shape": "1.12.0",
        "@visx/text": "1.10.0",
        "classnames": "^2.2.5",
        "prop-types": "^15.5.10",
        "react-use-measure": "^2.0.4"
      }
    },
    "@visx/axis": {
      "version": "1.12.0",
      "resolved": "https://registry.npmjs.org/@visx/axis/-/axis-1.12.0.tgz",
      "integrity": "sha512-g867/6/TTHEjzVoIbnYjdYOiNGC3vETn7AZG9tT13KUy9AJE1gwm91pVoi+USHd+R3AvwdbgaQti88FavamoWA==",
      "requires": {
        "@types/classnames": "^2.2.9",
        "@types/react": "*",
        "@visx/group": "1.7.0",
        "@visx/point": "1.7.0",
        "@visx/scale": "1.11.1",
        "@visx/shape": "1.12.0",
        "@visx/text": "1.10.0",
        "classnames": "^2.2.5",
        "prop-types": "^15.6.0"
      }
    },
    "@visx/bounds": {
      "version": "1.7.0",
      "resolved": "https://registry.npmjs.org/@visx/bounds/-/bounds-1.7.0.tgz",
      "integrity": "sha512-ajF6PTgDoZTfwv5J0ZTx1miXY8lk3sGhMVqE3UsMubdTZBlOgeZMT4OmtTPtbCJTBTgw0FD0gd7X3gZ+3X9HgQ==",
      "requires": {
        "@types/react": "*",
        "@types/react-dom": "*",
        "prop-types": "^15.5.10"
      }
    },
    "@visx/brush": {
      "version": "1.12.0",
      "resolved": "https://registry.npmjs.org/@visx/brush/-/brush-1.12.0.tgz",
      "integrity": "sha512-B81tCAZ2R2CZAC4orzB5wml9mJt0ovgjLYP2fNQ6/DkgSo5rVvtkwnEKHCtu52R3E7f1szy9XmsGpiEQxe5ssw==",
      "requires": {
        "@visx/drag": "1.7.4",
        "@visx/group": "1.7.0",
        "@visx/shape": "1.12.0",
        "classnames": "^2.2.5",
        "prop-types": "^15.6.1"
      }
    },
    "@visx/clip-path": {
      "version": "1.7.0",
      "resolved": "https://registry.npmjs.org/@visx/clip-path/-/clip-path-1.7.0.tgz",
      "integrity": "sha512-PuEz/2Clmx3qb0gat4kzjoq/rLush1nhNOT1DV7ui/fipC7z+KpB53OXHeOviB4udD+u233W5kY1uSErLysPRQ==",
      "requires": {
        "@types/react": "*",
        "prop-types": "^15.5.10"
      }
    },
    "@visx/curve": {
      "version": "1.7.0",
      "resolved": "https://registry.npmjs.org/@visx/curve/-/curve-1.7.0.tgz",
      "integrity": "sha512-n0/SHM4YXjke+aEinhHFZPLMxWu3jbqtvqzfGJyibX8OmbDjavk9P+MHfGokUcw0xHy6Ch3YTuwbYuvVw5ny9A==",
      "requires": {
        "@types/d3-shape": "^1.3.1",
        "d3-shape": "^1.0.6"
      }
    },
    "@visx/drag": {
      "version": "1.7.4",
      "resolved": "https://registry.npmjs.org/@visx/drag/-/drag-1.7.4.tgz",
      "integrity": "sha512-lKih9Vlrt/4DsFM1Km1xGaWViXAZ3jRxsuNpUtCfcdrD0LN9zncDg4/P+gPuFN8eVXPoJb1x5bfhIYnt5hbvlQ==",
      "requires": {
        "@types/react": "*",
        "@visx/event": "1.7.0",
        "prop-types": "^15.5.10"
      }
    },
    "@visx/event": {
      "version": "1.7.0",
      "resolved": "https://registry.npmjs.org/@visx/event/-/event-1.7.0.tgz",
      "integrity": "sha512-RbAoKxvy+ildX2dVXC9/ZX94lQXPwjKgtO9jy7COc15knG4zmzsMCDYDC3uLd0+jE2o/+gSaZ/9r52p6zG5+IQ==",
      "requires": {
        "@types/react": "*",
        "@visx/point": "1.7.0"
      }
    },
    "@visx/geo": {
      "version": "1.13.0",
      "resolved": "https://registry.npmjs.org/@visx/geo/-/geo-1.13.0.tgz",
      "integrity": "sha512-Oipj1nRv3/qbDqu6ap80eJkvzQGSHwvRhFYb70+enWyGFxlS5s39gdQY1O00ob1DiyXLXhJ6H3ZzMz2WeRulvg==",
      "requires": {
        "@types/classnames": "^2.2.9",
        "@types/d3-geo": "^1.11.1",
        "@types/geojson": "*",
        "@types/react": "*",
        "@visx/group": "1.7.0",
        "classnames": "^2.2.5",
        "d3-geo": "^1.11.3",
        "prop-types": "^15.5.10"
      }
    },
    "@visx/glyph": {
      "version": "1.7.0",
      "resolved": "https://registry.npmjs.org/@visx/glyph/-/glyph-1.7.0.tgz",
      "integrity": "sha512-fejF4c/t2psZ600RwuF29g2rjD2RHgieQNdW6jW1nupfbBgItii6+65wlk9J2rp9qLlorValf4o7A4DG5bXDEQ==",
      "requires": {
        "@types/classnames": "^2.2.9",
        "@types/d3-shape": "^1.3.1",
        "@types/react": "*",
        "@visx/group": "1.7.0",
        "classnames": "^2.2.5",
        "d3-shape": "^1.2.0",
        "prop-types": "^15.6.2"
      }
    },
    "@visx/gradient": {
      "version": "1.7.0",
      "resolved": "https://registry.npmjs.org/@visx/gradient/-/gradient-1.7.0.tgz",
      "integrity": "sha512-KtlzpgY+1tEIxEhFwyGp7nVwDjaPs9bcLO5Wkm3uw5ehQtRMYQBC3O2N+GEKdQM2yNZVApvtSMiXQDxGTFK67g==",
      "requires": {
        "@types/react": "*",
        "prop-types": "^15.5.7"
      }
    },
    "@visx/grid": {
      "version": "1.12.0",
      "resolved": "https://registry.npmjs.org/@visx/grid/-/grid-1.12.0.tgz",
      "integrity": "sha512-qqOBOhGbFAOqclRTN12ZL8RU8sEzvcbycUPNl7xiC5yXsclfNlc0J8bEvl6NFyiMI82iIW0znpTkS8ZM8ZrOBA==",
      "requires": {
        "@types/classnames": "^2.2.9",
        "@types/react": "*",
        "@visx/curve": "1.7.0",
        "@visx/group": "1.7.0",
        "@visx/point": "1.7.0",
        "@visx/scale": "1.11.1",
        "@visx/shape": "1.12.0",
        "classnames": "^2.2.5",
        "prop-types": "^15.6.2"
      }
    },
    "@visx/group": {
      "version": "1.7.0",
      "resolved": "https://registry.npmjs.org/@visx/group/-/group-1.7.0.tgz",
      "integrity": "sha512-rzSXtV0+MHUyK+rwhVSV4qaHdzGi3Me3PRFXJSIAKVfoJIZczOkudUOLy34WvSrRlVyoFvGL7k9U5g8wHyY3nw==",
      "requires": {
        "@types/classnames": "^2.2.9",
        "@types/react": "*",
        "classnames": "^2.2.5",
        "prop-types": "^15.6.2"
      }
    },
    "@visx/heatmap": {
      "version": "1.7.0",
      "resolved": "https://registry.npmjs.org/@visx/heatmap/-/heatmap-1.7.0.tgz",
      "integrity": "sha512-fI39YgRHhCh2t3La5cmE65aunKIIkZNK/5ROIxnW2YNo+f2XZwPTOcjr42Nt/Ge1nShCM6p4smGXsN1Cr3fSZw==",
      "requires": {
        "@types/classnames": "^2.2.9",
        "@types/react": "*",
        "@visx/group": "1.7.0",
        "classnames": "^2.2.5",
        "prop-types": "^15.6.1"
      }
    },
    "@visx/hierarchy": {
      "version": "1.7.0",
      "resolved": "https://registry.npmjs.org/@visx/hierarchy/-/hierarchy-1.7.0.tgz",
      "integrity": "sha512-s9kU8uNGl3ekH3aEUK0LZED4hbJgj2qmjP+7SAhnJGtzut668L6YSPKHsPh+XS8qKUJ6I1dRn/eJCSF4gt8NQQ==",
      "requires": {
        "@types/classnames": "^2.2.9",
        "@types/d3-hierarchy": "^1.1.6",
        "@types/react": "*",
        "@visx/group": "1.7.0",
        "classnames": "^2.2.5",
        "d3-hierarchy": "^1.1.4",
        "prop-types": "^15.6.1"
      }
    },
    "@visx/legend": {
      "version": "1.11.1",
      "resolved": "https://registry.npmjs.org/@visx/legend/-/legend-1.11.1.tgz",
      "integrity": "sha512-SZsbo8W3mfwQjbco4cPLkpIhN27PdB2y7pH120zvoL59DtCiMw4RnN64zC60kGbB1dMAbQz5UBedGa8xN9A4WA==",
      "requires": {
        "@types/classnames": "^2.2.9",
        "@types/react": "*",
        "@visx/group": "1.7.0",
        "@visx/scale": "1.11.1",
        "classnames": "^2.2.5",
        "prop-types": "^15.5.10"
      }
    },
    "@visx/marker": {
      "version": "1.12.0",
      "resolved": "https://registry.npmjs.org/@visx/marker/-/marker-1.12.0.tgz",
      "integrity": "sha512-7HbE6ycqks7M3L1tSQg9Kc1MLdi2B2TbiwFZ65+Q/cHuA8nAs5goMQhb3yCJqCvIu66rNUGPJPy83oOQS8APJg==",
      "requires": {
        "@types/classnames": "^2.2.9",
        "@types/react": "*",
        "@visx/group": "1.7.0",
        "@visx/shape": "1.12.0",
        "classnames": "^2.2.5",
        "prop-types": "^15.6.2"
      }
    },
    "@visx/mock-data": {
      "version": "1.7.0",
      "resolved": "https://registry.npmjs.org/@visx/mock-data/-/mock-data-1.7.0.tgz",
      "integrity": "sha512-v7DGro/4q382ReSWmPCKdRR1AtNUp9ERM129omMaTcf52i8RbSYNfMdxucMaEBIbATI905vYqQKA8S6xopPupQ==",
      "requires": {
        "@types/d3-random": "^2.2.0",
        "d3-random": "^2.2.2"
      }
    },
    "@visx/network": {
      "version": "1.7.0",
      "resolved": "https://registry.npmjs.org/@visx/network/-/network-1.7.0.tgz",
      "integrity": "sha512-9m9OzVUte4rHj1ICii01v2aavRkFcF7K1ckTnchE1xOqEUJPRxxPuFz+zEyFTah1tYl8AmTEtbnIEQJOPFVMSQ==",
      "requires": {
        "@types/classnames": "^2.2.9",
        "@types/react": "*",
        "@visx/group": "1.7.0",
        "classnames": "^2.2.5",
        "prop-types": "^15.6.2"
      }
    },
    "@visx/pattern": {
      "version": "1.7.0",
      "resolved": "https://registry.npmjs.org/@visx/pattern/-/pattern-1.7.0.tgz",
      "integrity": "sha512-uIrGDtm7NqDfZZneRZ/DRdZA0nli/13sIUcxQ0oRL70b6ul+epNGiBVR8pvrgMhZ+SW3b05xhfEDnfnl2CqFQw==",
      "requires": {
        "@types/classnames": "^2.2.9",
        "@types/react": "*",
        "classnames": "^2.2.5",
        "prop-types": "^15.5.10"
      }
    },
    "@visx/point": {
      "version": "1.7.0",
      "resolved": "https://registry.npmjs.org/@visx/point/-/point-1.7.0.tgz",
      "integrity": "sha512-oaoY/HXYHhmpkkeKI4rBPmFtjHWtxSrIhZCVm1ipPoyQp3voJ8L6JD5eUIVmmaUCdUGUGwL1lFLnJiQ2p1Vlwg=="
    },
    "@visx/react-spring": {
      "version": "1.12.0",
      "resolved": "https://registry.npmjs.org/@visx/react-spring/-/react-spring-1.12.0.tgz",
      "integrity": "sha512-3dba1hyG89557vGhiuQpwjABEmaskdB3CWj6MBYwY2mXk/XR6qzuIVWbioMxPclsQznIBvYxu4KV3z3bX4WrVQ==",
      "requires": {
        "@types/classnames": "^2.2.9",
        "@types/react": "*",
        "@visx/axis": "1.12.0",
        "@visx/grid": "1.12.0",
        "@visx/scale": "1.11.1",
        "@visx/text": "1.10.0",
        "classnames": "^2.2.5",
        "prop-types": "^15.6.2"
      }
    },
    "@visx/responsive": {
      "version": "1.10.1",
      "resolved": "https://registry.npmjs.org/@visx/responsive/-/responsive-1.10.1.tgz",
      "integrity": "sha512-7FT2BBmWFkFFqynI9C1NYfVOKT1FsNOm6MwWMqXKA7TMomdBW0wdtQNB1bHvwJvWurM/sNqxcQ/CBED6t9xujQ==",
      "requires": {
        "@types/lodash": "^4.14.146",
        "@types/react": "*",
        "lodash": "^4.17.10",
        "prop-types": "^15.6.1",
        "resize-observer-polyfill": "1.5.1"
      }
    },
    "@visx/scale": {
      "version": "1.11.1",
      "resolved": "https://registry.npmjs.org/@visx/scale/-/scale-1.11.1.tgz",
      "integrity": "sha512-VXQ/VXmDh0IjHHNVFzUNKPa9GBVSITOrMZ5RECYRIBJ6zdbs8QuowTwmtsyLaINvY2N9O+xKVokfIohnTkCMKw==",
      "requires": {
        "@types/d3-interpolate": "^1.3.1",
        "@types/d3-scale": "^3.2.1",
        "@types/d3-time": "^2.0.0",
        "d3-interpolate": "^1.4.0",
        "d3-scale": "^3.2.3",
        "d3-time": "^2.1.1"
      }
    },
    "@visx/shape": {
      "version": "1.12.0",
      "resolved": "https://registry.npmjs.org/@visx/shape/-/shape-1.12.0.tgz",
      "integrity": "sha512-BiY5nXrpg/CdY2Vd/oIaEsQoYjL7Nb+7IGsRCT5DVNelulgnwU1P13SqdVvs4FUtp/WYy97djQuIrR/6zCHdyw==",
      "requires": {
        "@types/classnames": "^2.2.9",
        "@types/d3-path": "^1.0.8",
        "@types/d3-shape": "^1.3.1",
        "@types/lodash": "^4.14.146",
        "@types/react": "*",
        "@visx/curve": "1.7.0",
        "@visx/group": "1.7.0",
        "@visx/scale": "1.11.1",
        "classnames": "^2.2.5",
        "d3-path": "^1.0.5",
        "d3-shape": "^1.2.0",
        "lodash": "^4.17.15",
        "prop-types": "^15.5.10"
      }
    },
    "@visx/text": {
      "version": "1.10.0",
      "resolved": "https://registry.npmjs.org/@visx/text/-/text-1.10.0.tgz",
      "integrity": "sha512-2y56LxbbSHAlu8XP0cARB9JlhPx0HlQyIC4iKUzj36+iJaBiw9wUwLb9RbT/rY715V+6VzU7WCNCxoa4lDr9Sg==",
      "requires": {
        "@types/classnames": "^2.2.9",
        "@types/lodash": "^4.14.160",
        "@types/react": "*",
        "classnames": "^2.2.5",
        "lodash": "^4.17.20",
        "prop-types": "^15.7.2",
        "reduce-css-calc": "^1.3.0"
      }
    },
    "@visx/tooltip": {
      "version": "1.7.2",
      "resolved": "https://registry.npmjs.org/@visx/tooltip/-/tooltip-1.7.2.tgz",
      "integrity": "sha512-QCNLaOGpgZ6RnZjCIbEJtfbu8ZkSwDOXRy5SOUvcC5J9RiEwCi0DXF1JzT7ZPv3hkLU1KiSPaUFf5q/5LNHwLg==",
      "requires": {
        "@types/classnames": "^2.2.9",
        "@types/react": "*",
        "@visx/bounds": "1.7.0",
        "classnames": "^2.2.5",
        "prop-types": "^15.5.10",
        "react-use-measure": "^2.0.4"
      }
    },
    "@visx/visx": {
      "version": "1.13.0",
      "resolved": "https://registry.npmjs.org/@visx/visx/-/visx-1.13.0.tgz",
      "integrity": "sha512-LCFNvixfHBPb+yp55MEqPp857UZchTKGt8TGA7Z9WELIIlfZ9wMXMmMFkHKAg2ly3r+4GgReuGGh4G7CfKGtyg==",
      "requires": {
        "@visx/annotation": "1.12.0",
        "@visx/axis": "1.12.0",
        "@visx/bounds": "1.7.0",
        "@visx/brush": "1.12.0",
        "@visx/clip-path": "1.7.0",
        "@visx/curve": "1.7.0",
        "@visx/drag": "1.7.4",
        "@visx/event": "1.7.0",
        "@visx/geo": "1.13.0",
        "@visx/glyph": "1.7.0",
        "@visx/gradient": "1.7.0",
        "@visx/grid": "1.12.0",
        "@visx/group": "1.7.0",
        "@visx/heatmap": "1.7.0",
        "@visx/hierarchy": "1.7.0",
        "@visx/legend": "1.11.1",
        "@visx/marker": "1.12.0",
        "@visx/mock-data": "1.7.0",
        "@visx/network": "1.7.0",
        "@visx/pattern": "1.7.0",
        "@visx/point": "1.7.0",
        "@visx/responsive": "1.10.1",
        "@visx/scale": "1.11.1",
        "@visx/shape": "1.12.0",
        "@visx/text": "1.10.0",
        "@visx/tooltip": "1.7.2",
        "@visx/voronoi": "1.7.0",
        "@visx/xychart": "1.13.0",
        "@visx/zoom": "1.11.0"
      }
    },
    "@visx/voronoi": {
      "version": "1.7.0",
      "resolved": "https://registry.npmjs.org/@visx/voronoi/-/voronoi-1.7.0.tgz",
      "integrity": "sha512-H4Ec8g8arGe7k5xRcrZDktGl09SmpvGfD1ChaRofVqLP4tvimVugGMFE1WBr9YKXFvfxTVgKiriZWSclcb5NZg==",
      "requires": {
        "@types/classnames": "^2.2.9",
        "@types/d3-voronoi": "^1.1.9",
        "@types/react": "*",
        "classnames": "^2.2.5",
        "d3-voronoi": "^1.1.2",
        "prop-types": "^15.6.1"
      }
    },
    "@visx/xychart": {
      "version": "1.13.0",
      "resolved": "https://registry.npmjs.org/@visx/xychart/-/xychart-1.13.0.tgz",
      "integrity": "sha512-51A3wiZBokbDmBVHKoBH/RYAWHCtvfhMGxZz9ReZLZINmgHtJqTyWJxTLslEgjGY4agMjj/wQzWqkPsiZHS4Sw==",
      "requires": {
        "@types/classnames": "^2.2.9",
        "@types/lodash": "^4.14.146",
        "@types/react": "*",
        "@visx/annotation": "1.12.0",
        "@visx/axis": "1.12.0",
        "@visx/event": "1.7.0",
        "@visx/glyph": "1.7.0",
        "@visx/grid": "1.12.0",
        "@visx/react-spring": "1.12.0",
        "@visx/responsive": "1.10.1",
        "@visx/scale": "1.11.1",
        "@visx/shape": "1.12.0",
        "@visx/text": "1.10.0",
        "@visx/tooltip": "1.7.2",
        "@visx/voronoi": "1.7.0",
        "classnames": "^2.2.5",
        "d3-array": "^2.6.0",
        "d3-interpolate-path": "2.2.1",
        "d3-shape": "^2.0.0",
        "lodash": "^4.17.10",
        "mitt": "^2.1.0",
        "prop-types": "^15.6.2"
      },
      "dependencies": {
        "d3-shape": {
          "version": "2.1.0",
          "resolved": "https://registry.npmjs.org/d3-shape/-/d3-shape-2.1.0.tgz",
          "integrity": "sha512-PnjUqfM2PpskbSLTJvAzp2Wv4CZsnAgTfcVRTwW03QR3MkXF8Uo7B1y/lWkAsmbKwuecto++4NlsYcvYpXpTHA==",
          "requires": {
            "d3-path": "1 - 2"
          }
        }
      }
    },
    "@visx/zoom": {
      "version": "1.11.0",
      "resolved": "https://registry.npmjs.org/@visx/zoom/-/zoom-1.11.0.tgz",
      "integrity": "sha512-EWZa8jfyvtyEYdfa01otBTnggxpfZmsokl+J7F0xBFPv2tuQkhr1p/929DEOnZUc/xbEPyLDGOrzBmsr8y32aA==",
      "requires": {
        "@types/react": "*",
        "@visx/event": "1.7.0",
        "prop-types": "^15.6.2"
      }
    },
    "balanced-match": {
      "version": "0.4.2",
      "resolved": "https://registry.npmjs.org/balanced-match/-/balanced-match-0.4.2.tgz",
      "integrity": "sha1-yz8+PHMtwPAe5wtAPzAuYddwmDg="
    },
    "classnames": {
      "version": "2.3.1",
      "resolved": "https://registry.npmjs.org/classnames/-/classnames-2.3.1.tgz",
      "integrity": "sha512-OlQdbZ7gLfGarSqxesMesDa5uz7KFbID8Kpq/SxIoNGDqY8lSYs0D+hhtBXhcdB3rcbXArFr7vlHheLk1voeNA=="
    },
    "csstype": {
      "version": "3.0.8",
      "resolved": "https://registry.npmjs.org/csstype/-/csstype-3.0.8.tgz",
      "integrity": "sha512-jXKhWqXPmlUeoQnF/EhTtTl4C9SnrxSH/jZUih3jmO6lBKr99rP3/+FmrMj4EFpOXzMtXHAZkd3x0E6h6Fgflw=="
    },
    "d3-array": {
      "version": "2.12.1",
      "resolved": "https://registry.npmjs.org/d3-array/-/d3-array-2.12.1.tgz",
      "integrity": "sha512-B0ErZK/66mHtEsR1TkPEEkwdy+WDesimkM5gpZr5Dsg54BiTA5RXtYW5qTLIAcekaS9xfZrzBLF/OAkB3Qn1YQ==",
      "requires": {
        "internmap": "^1.0.0"
      }
    },
    "d3-color": {
      "version": "1.4.1",
      "resolved": "https://registry.npmjs.org/d3-color/-/d3-color-1.4.1.tgz",
      "integrity": "sha512-p2sTHSLCJI2QKunbGb7ocOh7DgTAn8IrLx21QRc/BSnodXM4sv6aLQlnfpvehFMLZEfBc6g9pH9SWQccFYfJ9Q=="
    },
    "d3-format": {
      "version": "2.0.0",
      "resolved": "https://registry.npmjs.org/d3-format/-/d3-format-2.0.0.tgz",
      "integrity": "sha512-Ab3S6XuE/Q+flY96HXT0jOXcM4EAClYFnRGY5zsjRGNy6qCYrQsMffs7cV5Q9xejb35zxW5hf/guKw34kvIKsA=="
    },
    "d3-geo": {
      "version": "1.12.1",
      "resolved": "https://registry.npmjs.org/d3-geo/-/d3-geo-1.12.1.tgz",
      "integrity": "sha512-XG4d1c/UJSEX9NfU02KwBL6BYPj8YKHxgBEw5om2ZnTRSbIcego6dhHwcxuSR3clxh0EpE38os1DVPOmnYtTPg==",
      "requires": {
        "d3-array": "1"
      },
      "dependencies": {
        "d3-array": {
          "version": "1.2.4",
          "resolved": "https://registry.npmjs.org/d3-array/-/d3-array-1.2.4.tgz",
          "integrity": "sha512-KHW6M86R+FUPYGb3R5XiYjXPq7VzwxZ22buHhAEVG5ztoEcZZMLov530mmccaqA1GghZArjQV46fuc8kUqhhHw=="
        }
      }
    },
    "d3-hierarchy": {
      "version": "1.1.9",
      "resolved": "https://registry.npmjs.org/d3-hierarchy/-/d3-hierarchy-1.1.9.tgz",
      "integrity": "sha512-j8tPxlqh1srJHAtxfvOUwKNYJkQuBFdM1+JAUfq6xqH5eAqf93L7oG1NVqDa4CpFZNvnNKtCYEUC8KY9yEn9lQ=="
    },
    "d3-interpolate": {
      "version": "1.4.0",
      "resolved": "https://registry.npmjs.org/d3-interpolate/-/d3-interpolate-1.4.0.tgz",
      "integrity": "sha512-V9znK0zc3jOPV4VD2zZn0sDhZU3WAE2bmlxdIwwQPPzPjvyLkd8B3JUVdS1IDUFDkWZ72c9qnv1GK2ZagTZ8EA==",
      "requires": {
        "d3-color": "1"
      }
    },
    "d3-interpolate-path": {
      "version": "2.2.1",
      "resolved": "https://registry.npmjs.org/d3-interpolate-path/-/d3-interpolate-path-2.2.1.tgz",
      "integrity": "sha512-6qLLh/KJVzls0XtMsMpcxhqMhgVEN7VIbR/6YGZe2qlS8KDgyyVB20XcmGnDyB051HcefQXM/Tppa9vcANEA4Q=="
    },
    "d3-path": {
      "version": "1.0.9",
      "resolved": "https://registry.npmjs.org/d3-path/-/d3-path-1.0.9.tgz",
      "integrity": "sha512-VLaYcn81dtHVTjEHd8B+pbe9yHWpXKZUC87PzoFmsFrJqgFwDe/qxfp5MlfsfM1V5E/iVt0MmEbWQ7FVIXh/bg=="
    },
    "d3-random": {
      "version": "2.2.2",
      "resolved": "https://registry.npmjs.org/d3-random/-/d3-random-2.2.2.tgz",
      "integrity": "sha512-0D9P8TRj6qDAtHhRQn6EfdOtHMfsUWanl3yb/84C4DqpZ+VsgfI5iTVRNRbELCfNvRfpMr8OrqqUTQ6ANGCijw=="
    },
    "d3-scale": {
      "version": "3.3.0",
      "resolved": "https://registry.npmjs.org/d3-scale/-/d3-scale-3.3.0.tgz",
      "integrity": "sha512-1JGp44NQCt5d1g+Yy+GeOnZP7xHo0ii8zsQp6PGzd+C1/dl0KGsp9A7Mxwp+1D1o4unbTTxVdU/ZOIEBoeZPbQ==",
      "requires": {
        "d3-array": "^2.3.0",
        "d3-format": "1 - 2",
        "d3-interpolate": "1.2.0 - 2",
        "d3-time": "^2.1.1",
        "d3-time-format": "2 - 3"
      }
    },
    "d3-shape": {
      "version": "1.3.7",
      "resolved": "https://registry.npmjs.org/d3-shape/-/d3-shape-1.3.7.tgz",
      "integrity": "sha512-EUkvKjqPFUAZyOlhY5gzCxCeI0Aep04LwIRpsZ/mLFelJiUfnK56jo5JMDSE7yyP2kLSb6LtF+S5chMk7uqPqw==",
      "requires": {
        "d3-path": "1"
      }
    },
    "d3-time": {
      "version": "2.1.1",
      "resolved": "https://registry.npmjs.org/d3-time/-/d3-time-2.1.1.tgz",
      "integrity": "sha512-/eIQe/eR4kCQwq7yxi7z4c6qEXf2IYGcjoWB5OOQy4Tq9Uv39/947qlDcN2TLkiTzQWzvnsuYPB9TrWaNfipKQ==",
      "requires": {
        "d3-array": "2"
      }
    },
    "d3-time-format": {
      "version": "3.0.0",
      "resolved": "https://registry.npmjs.org/d3-time-format/-/d3-time-format-3.0.0.tgz",
      "integrity": "sha512-UXJh6EKsHBTjopVqZBhFysQcoXSv/5yLONZvkQ5Kk3qbwiUYkdX17Xa1PT6U1ZWXGGfB1ey5L8dKMlFq2DO0Ag==",
      "requires": {
        "d3-time": "1 - 2"
      }
    },
    "d3-voronoi": {
      "version": "1.1.4",
      "resolved": "https://registry.npmjs.org/d3-voronoi/-/d3-voronoi-1.1.4.tgz",
      "integrity": "sha512-dArJ32hchFsrQ8uMiTBLq256MpnZjeuBtdHpaDlYuQyjU0CVzCJl/BVW+SkszaAeH95D/8gxqAhgx0ouAWAfRg=="
    },
    "debounce": {
      "version": "1.2.1",
      "resolved": "https://registry.npmjs.org/debounce/-/debounce-1.2.1.tgz",
      "integrity": "sha512-XRRe6Glud4rd/ZGQfiV1ruXSfbvfJedlV9Y6zOlP+2K04vBYiJEte6stfFkCP03aMnY5tsipamumUjL14fofug=="
    },
    "internmap": {
      "version": "1.0.1",
      "resolved": "https://registry.npmjs.org/internmap/-/internmap-1.0.1.tgz",
      "integrity": "sha512-lDB5YccMydFBtasVtxnZ3MRBHuaoE8GKsppq+EchKL2U4nK/DmEpPHNH8MZe5HkMtpSiTSOZwfN0tzYjO/lJEw=="
    },
    "js-tokens": {
      "version": "4.0.0",
      "resolved": "https://registry.npmjs.org/js-tokens/-/js-tokens-4.0.0.tgz",
      "integrity": "sha512-RdJUflcE3cUzKiMqQgsCu06FPu9UdIJO0beYbPhHN4k6apgJtifcoCtT9bcxOpYBtpD2kCM6Sbzg4CausW/PKQ=="
    },
    "lodash": {
      "version": "4.17.21",
      "resolved": "https://registry.npmjs.org/lodash/-/lodash-4.17.21.tgz",
      "integrity": "sha512-v2kDEe57lecTulaDIuNTPy3Ry4gLGJ6Z1O3vE1krgXZNrsQ+LFTGHVxVjcXPs17LhbZVGedAJv8XZ1tvj5FvSg=="
    },
    "loose-envify": {
      "version": "1.4.0",
      "resolved": "https://registry.npmjs.org/loose-envify/-/loose-envify-1.4.0.tgz",
      "integrity": "sha512-lyuxPGr/Wfhrlem2CL/UcnUc1zcqKAImBDzukY7Y5F/yQiNdko6+fRLevlw1HgMySw7f611UIY408EtxRSoK3Q==",
      "requires": {
        "js-tokens": "^3.0.0 || ^4.0.0"
      }
    },
    "math-expression-evaluator": {
      "version": "1.3.7",
      "resolved": "https://registry.npmjs.org/math-expression-evaluator/-/math-expression-evaluator-1.3.7.tgz",
      "integrity": "sha512-nrbaifCl42w37hYd6oRLvoymFK42tWB+WQTMFtksDGQMi5GvlJwnz/CsS30FFAISFLtX+A0csJ0xLiuuyyec7w=="
    },
    "mitt": {
      "version": "2.1.0",
      "resolved": "https://registry.npmjs.org/mitt/-/mitt-2.1.0.tgz",
      "integrity": "sha512-ILj2TpLiysu2wkBbWjAmww7TkZb65aiQO+DkVdUTBpBXq+MHYiETENkKFMtsJZX1Lf4pe4QOrTSjIfUwN5lRdg=="
    },
    "object-assign": {
      "version": "4.1.1",
      "resolved": "https://registry.npmjs.org/object-assign/-/object-assign-4.1.1.tgz",
      "integrity": "sha1-IQmtx5ZYh8/AXLvUQsrIv7s2CGM="
    },
    "prop-types": {
      "version": "15.7.2",
      "resolved": "https://registry.npmjs.org/prop-types/-/prop-types-15.7.2.tgz",
      "integrity": "sha512-8QQikdH7//R2vurIJSutZ1smHYTcLpRWEOlHnzcWHmBYrOGUysKwSsrC89BCiFj3CbrfJ/nXFdJepOVrY1GCHQ==",
      "requires": {
        "loose-envify": "^1.4.0",
        "object-assign": "^4.1.1",
        "react-is": "^16.8.1"
      }
    },
    "react-is": {
      "version": "16.13.1",
      "resolved": "https://registry.npmjs.org/react-is/-/react-is-16.13.1.tgz",
      "integrity": "sha512-24e6ynE2H+OKt4kqsOvNd8kBpV65zoxbA4BVsEOB3ARVWQki/DHzaUoC5KuON/BiccDaCCTZBuOcfZs70kR8bQ=="
    },
    "react-use-measure": {
      "version": "2.0.4",
      "resolved": "https://registry.npmjs.org/react-use-measure/-/react-use-measure-2.0.4.tgz",
      "integrity": "sha512-7K2HIGaPMl3Q9ZQiEVjen3tRXl4UDda8LiTPy/QxP8dP2rl5gPBhf7mMH6MVjjRNv3loU7sNzey/ycPNnHVTxQ==",
      "requires": {
        "debounce": "^1.2.0"
      }
    },
    "reduce-css-calc": {
      "version": "1.3.0",
      "resolved": "https://registry.npmjs.org/reduce-css-calc/-/reduce-css-calc-1.3.0.tgz",
      "integrity": "sha1-dHyRTgSWFKTJz7umKYca0dKSdxY=",
      "requires": {
        "balanced-match": "^0.4.2",
        "math-expression-evaluator": "^1.2.14",
        "reduce-function-call": "^1.0.1"
      }
    },
    "reduce-function-call": {
      "version": "1.0.3",
      "resolved": "https://registry.npmjs.org/reduce-function-call/-/reduce-function-call-1.0.3.tgz",
      "integrity": "sha512-Hl/tuV2VDgWgCSEeWMLwxLZqX7OK59eU1guxXsRKTAyeYimivsKdtcV4fu3r710tpG5GmDKDhQ0HSZLExnNmyQ==",
      "requires": {
        "balanced-match": "^1.0.0"
      },
      "dependencies": {
        "balanced-match": {
          "version": "1.0.2",
          "resolved": "https://registry.npmjs.org/balanced-match/-/balanced-match-1.0.2.tgz",
          "integrity": "sha512-3oSeUO0TMV67hN1AmbXsK4yaqU7tjiHlbxRDZOpH0KW9+CeX4bRAaX0Anxt0tx2MrpRpWwQaPwIlISEJhYU5Pw=="
        }
      }
    },
    "resize-observer-polyfill": {
      "version": "1.5.1",
      "resolved": "https://registry.npmjs.org/resize-observer-polyfill/-/resize-observer-polyfill-1.5.1.tgz",
      "integrity": "sha512-LwZrotdHOo12nQuZlHEmtuXdqGoOD0OhaxopaNFxWzInpEgaLWoVuAMbTzixuosCx2nEG58ngzW3vxdWoxIgdg=="
    }
  }
}
